// !$*UTF8*$!
{
	archiveVersion = 1;
	classes = {
	};
	objectVersion = 56;
	objects = {

/* Begin PBXBuildFile section */
		178BE4EF2B1FA95600245BA5 /* AppDelegate.swift in Sources */ = {isa = PBXBuildFile; fileRef = 178BE4EE2B1FA95600245BA5 /* AppDelegate.swift */; };
		178BE4F12B1FA95600245BA5 /* SceneDelegate.swift in Sources */ = {isa = PBXBuildFile; fileRef = 178BE4F02B1FA95600245BA5 /* SceneDelegate.swift */; };
		178BE4F32B1FA95600245BA5 /* LoginViewController.swift in Sources */ = {isa = PBXBuildFile; fileRef = 178BE4F22B1FA95600245BA5 /* LoginViewController.swift */; };
		178BE4F62B1FA95600245BA5 /* Main.storyboard in Resources */ = {isa = PBXBuildFile; fileRef = 178BE4F42B1FA95600245BA5 /* Main.storyboard */; };
		178BE4F82B1FA95800245BA5 /* Assets.xcassets in Resources */ = {isa = PBXBuildFile; fileRef = 178BE4F72B1FA95800245BA5 /* Assets.xcassets */; };
		178BE4FB2B1FA95800245BA5 /* LaunchScreen.storyboard in Resources */ = {isa = PBXBuildFile; fileRef = 178BE4F92B1FA95800245BA5 /* LaunchScreen.storyboard */; };
		178BE5052B1FAA4900245BA5 /* Colorado_Buffaloes_logo.png in Resources */ = {isa = PBXBuildFile; fileRef = 178BE5032B1FAA4900245BA5 /* Colorado_Buffaloes_logo.png */; };
		178BE5062B1FAA4900245BA5 /* cu-standalone.webp in Resources */ = {isa = PBXBuildFile; fileRef = 178BE5042B1FAA4900245BA5 /* cu-standalone.webp */; };
		178BE50B2B1FAAA900245BA5 /* Comfortaa-VariableFont_wght.ttf in Resources */ = {isa = PBXBuildFile; fileRef = 178BE5082B1FAAA900245BA5 /* Comfortaa-VariableFont_wght.ttf */; };
		178BE50C2B1FAAA900245BA5 /* Comfortaa.swift in Sources */ = {isa = PBXBuildFile; fileRef = 178BE5092B1FAAA900245BA5 /* Comfortaa.swift */; };
		178BE50D2B1FAAA900245BA5 /* Comfortaa-Bold.ttf in Resources */ = {isa = PBXBuildFile; fileRef = 178BE50A2B1FAAA900245BA5 /* Comfortaa-Bold.ttf */; };
		178BE50F2B1FAACB00245BA5 /* FontSizeManager.swift in Sources */ = {isa = PBXBuildFile; fileRef = 178BE50E2B1FAACB00245BA5 /* FontSizeManager.swift */; };
		178BE5122B1FABCA00245BA5 /* HomeViewController.swift in Sources */ = {isa = PBXBuildFile; fileRef = 178BE5112B1FABCA00245BA5 /* HomeViewController.swift */; };
		178BE5152B1FADCC00245BA5 /* StudySession.swift in Sources */ = {isa = PBXBuildFile; fileRef = 178BE5142B1FADCC00245BA5 /* StudySession.swift */; };
		178BE5172B1FADD600245BA5 /* Organizer.swift in Sources */ = {isa = PBXBuildFile; fileRef = 178BE5162B1FADD600245BA5 /* Organizer.swift */; };
		178BE5192B1FADEB00245BA5 /* Attendee.swift in Sources */ = {isa = PBXBuildFile; fileRef = 178BE5182B1FADEB00245BA5 /* Attendee.swift */; };
		178BE51B2B1FADFC00245BA5 /* MeetupType.swift in Sources */ = {isa = PBXBuildFile; fileRef = 178BE51A2B1FADFC00245BA5 /* MeetupType.swift */; };
		178BE51E2B1FAE0E00245BA5 /* StudySessionManager.swift in Sources */ = {isa = PBXBuildFile; fileRef = 178BE51D2B1FAE0E00245BA5 /* StudySessionManager.swift */; };
/* End PBXBuildFile section */

/* Begin PBXFileReference section */
		178BE4EB2B1FA95600245BA5 /* CU Study Buddies.app */ = {isa = PBXFileReference; explicitFileType = wrapper.application; includeInIndex = 0; path = "CU Study Buddies.app"; sourceTree = BUILT_PRODUCTS_DIR; };
		178BE4EE2B1FA95600245BA5 /* AppDelegate.swift */ = {isa = PBXFileReference; lastKnownFileType = sourcecode.swift; path = AppDelegate.swift; sourceTree = "<group>"; };
		178BE4F02B1FA95600245BA5 /* SceneDelegate.swift */ = {isa = PBXFileReference; lastKnownFileType = sourcecode.swift; path = SceneDelegate.swift; sourceTree = "<group>"; };
		178BE4F22B1FA95600245BA5 /* LoginViewController.swift */ = {isa = PBXFileReference; lastKnownFileType = sourcecode.swift; path = LoginViewController.swift; sourceTree = "<group>"; };
		178BE4F52B1FA95600245BA5 /* Base */ = {isa = PBXFileReference; lastKnownFileType = file.storyboard; name = Base; path = Base.lproj/Main.storyboard; sourceTree = "<group>"; };
		178BE4F72B1FA95800245BA5 /* Assets.xcassets */ = {isa = PBXFileReference; lastKnownFileType = folder.assetcatalog; path = Assets.xcassets; sourceTree = "<group>"; };
		178BE4FA2B1FA95800245BA5 /* Base */ = {isa = PBXFileReference; lastKnownFileType = file.storyboard; name = Base; path = Base.lproj/LaunchScreen.storyboard; sourceTree = "<group>"; };
		178BE4FC2B1FA95800245BA5 /* Info.plist */ = {isa = PBXFileReference; lastKnownFileType = text.plist.xml; path = Info.plist; sourceTree = "<group>"; };
		178BE5032B1FAA4900245BA5 /* Colorado_Buffaloes_logo.png */ = {isa = PBXFileReference; lastKnownFileType = image.png; path = Colorado_Buffaloes_logo.png; sourceTree = "<group>"; };
		178BE5042B1FAA4900245BA5 /* cu-standalone.webp */ = {isa = PBXFileReference; lastKnownFileType = file; path = "cu-standalone.webp"; sourceTree = "<group>"; };
		178BE5082B1FAAA900245BA5 /* Comfortaa-VariableFont_wght.ttf */ = {isa = PBXFileReference; lastKnownFileType = file; path = "Comfortaa-VariableFont_wght.ttf"; sourceTree = "<group>"; };
		178BE5092B1FAAA900245BA5 /* Comfortaa.swift */ = {isa = PBXFileReference; fileEncoding = 4; lastKnownFileType = sourcecode.swift; path = Comfortaa.swift; sourceTree = "<group>"; };
		178BE50A2B1FAAA900245BA5 /* Comfortaa-Bold.ttf */ = {isa = PBXFileReference; lastKnownFileType = file; path = "Comfortaa-Bold.ttf"; sourceTree = "<group>"; };
		178BE50E2B1FAACB00245BA5 /* FontSizeManager.swift */ = {isa = PBXFileReference; lastKnownFileType = sourcecode.swift; path = FontSizeManager.swift; sourceTree = "<group>"; };
		178BE5112B1FABCA00245BA5 /* HomeViewController.swift */ = {isa = PBXFileReference; lastKnownFileType = sourcecode.swift; path = HomeViewController.swift; sourceTree = "<group>"; };
		178BE5142B1FADCC00245BA5 /* StudySession.swift */ = {isa = PBXFileReference; lastKnownFileType = sourcecode.swift; path = StudySession.swift; sourceTree = "<group>"; };
		178BE5162B1FADD600245BA5 /* Organizer.swift */ = {isa = PBXFileReference; lastKnownFileType = sourcecode.swift; path = Organizer.swift; sourceTree = "<group>"; };
		178BE5182B1FADEB00245BA5 /* Attendee.swift */ = {isa = PBXFileReference; lastKnownFileType = sourcecode.swift; path = Attendee.swift; sourceTree = "<group>"; };
		178BE51A2B1FADFC00245BA5 /* MeetupType.swift */ = {isa = PBXFileReference; lastKnownFileType = sourcecode.swift; path = MeetupType.swift; sourceTree = "<group>"; };
		178BE51D2B1FAE0E00245BA5 /* StudySessionManager.swift */ = {isa = PBXFileReference; lastKnownFileType = sourcecode.swift; path = StudySessionManager.swift; sourceTree = "<group>"; };
/* End PBXFileReference section */

/* Begin PBXFrameworksBuildPhase section */
		178BE4E82B1FA95600245BA5 /* Frameworks */ = {
			isa = PBXFrameworksBuildPhase;
			buildActionMask = 2147483647;
			files = (
			);
			runOnlyForDeploymentPostprocessing = 0;
		};
/* End PBXFrameworksBuildPhase section */

/* Begin PBXGroup section */
		178BE4E22B1FA95600245BA5 = {
			isa = PBXGroup;
			children = (
				178BE4ED2B1FA95600245BA5 /* CU Study Buddies */,
				178BE4EC2B1FA95600245BA5 /* Products */,
			);
			sourceTree = "<group>";
		};
		178BE4EC2B1FA95600245BA5 /* Products */ = {
			isa = PBXGroup;
			children = (
				178BE4EB2B1FA95600245BA5 /* CU Study Buddies.app */,
			);
			name = Products;
			sourceTree = "<group>";
		};
		178BE4ED2B1FA95600245BA5 /* CU Study Buddies */ = {
			isa = PBXGroup;
			children = (
				178BE51C2B1FAE0100245BA5 /* Managers */,
				178BE5132B1FADBE00245BA5 /* Data Models */,
				178BE5102B1FABBC00245BA5 /* View Controllers */,
				178BE5072B1FAAA900245BA5 /* Fonts */,
				178BE5022B1FAA4000245BA5 /* Images */,
				178BE4EE2B1FA95600245BA5 /* AppDelegate.swift */,
				178BE4F02B1FA95600245BA5 /* SceneDelegate.swift */,
				178BE4F42B1FA95600245BA5 /* Main.storyboard */,
				178BE4F72B1FA95800245BA5 /* Assets.xcassets */,
				178BE4F92B1FA95800245BA5 /* LaunchScreen.storyboard */,
				178BE4FC2B1FA95800245BA5 /* Info.plist */,
			);
			path = "CU Study Buddies";
			sourceTree = "<group>";
		};
		178BE5022B1FAA4000245BA5 /* Images */ = {
			isa = PBXGroup;
			children = (
				178BE5032B1FAA4900245BA5 /* Colorado_Buffaloes_logo.png */,
				178BE5042B1FAA4900245BA5 /* cu-standalone.webp */,
			);
			path = Images;
			sourceTree = "<group>";
		};
		178BE5072B1FAAA900245BA5 /* Fonts */ = {
			isa = PBXGroup;
			children = (
				178BE5082B1FAAA900245BA5 /* Comfortaa-VariableFont_wght.ttf */,
				178BE5092B1FAAA900245BA5 /* Comfortaa.swift */,
				178BE50A2B1FAAA900245BA5 /* Comfortaa-Bold.ttf */,
				178BE50E2B1FAACB00245BA5 /* FontSizeManager.swift */,
			);
			path = Fonts;
			sourceTree = "<group>";
		};
		178BE5102B1FABBC00245BA5 /* View Controllers */ = {
			isa = PBXGroup;
			children = (
				178BE4F22B1FA95600245BA5 /* LoginViewController.swift */,
				178BE5112B1FABCA00245BA5 /* HomeViewController.swift */,
			);
			path = "View Controllers";
			sourceTree = "<group>";
		};
		178BE5132B1FADBE00245BA5 /* Data Models */ = {
			isa = PBXGroup;
			children = (
				178BE5142B1FADCC00245BA5 /* StudySession.swift */,
				178BE5162B1FADD600245BA5 /* Organizer.swift */,
				178BE5182B1FADEB00245BA5 /* Attendee.swift */,
				178BE51A2B1FADFC00245BA5 /* MeetupType.swift */,
			);
			path = "Data Models";
			sourceTree = "<group>";
		};
		178BE51C2B1FAE0100245BA5 /* Managers */ = {
			isa = PBXGroup;
			children = (
				178BE51D2B1FAE0E00245BA5 /* StudySessionManager.swift */,
			);
			path = Managers;
			sourceTree = "<group>";
		};
/* End PBXGroup section */

/* Begin PBXNativeTarget section */
		178BE4EA2B1FA95600245BA5 /* CU Study Buddies */ = {
			isa = PBXNativeTarget;
			buildConfigurationList = 178BE4FF2B1FA95800245BA5 /* Build configuration list for PBXNativeTarget "CU Study Buddies" */;
			buildPhases = (
				178BE4E72B1FA95600245BA5 /* Sources */,
				178BE4E82B1FA95600245BA5 /* Frameworks */,
				178BE4E92B1FA95600245BA5 /* Resources */,
			);
			buildRules = (
			);
			dependencies = (
			);
			name = "CU Study Buddies";
			productName = "CU Study Buddies";
			productReference = 178BE4EB2B1FA95600245BA5 /* CU Study Buddies.app */;
			productType = "com.apple.product-type.application";
		};
/* End PBXNativeTarget section */

/* Begin PBXProject section */
		178BE4E32B1FA95600245BA5 /* Project object */ = {
			isa = PBXProject;
			attributes = {
				BuildIndependentTargetsInParallel = 1;
				LastSwiftUpdateCheck = 1500;
				LastUpgradeCheck = 1500;
				TargetAttributes = {
					178BE4EA2B1FA95600245BA5 = {
						CreatedOnToolsVersion = 15.0.1;
					};
				};
			};
			buildConfigurationList = 178BE4E62B1FA95600245BA5 /* Build configuration list for PBXProject "CU Study Buddies" */;
			compatibilityVersion = "Xcode 14.0";
			developmentRegion = en;
			hasScannedForEncodings = 0;
			knownRegions = (
				en,
				Base,
			);
			mainGroup = 178BE4E22B1FA95600245BA5;
			productRefGroup = 178BE4EC2B1FA95600245BA5 /* Products */;
			projectDirPath = "";
			projectRoot = "";
			targets = (
				178BE4EA2B1FA95600245BA5 /* CU Study Buddies */,
			);
		};
/* End PBXProject section */

/* Begin PBXResourcesBuildPhase section */
		178BE4E92B1FA95600245BA5 /* Resources */ = {
			isa = PBXResourcesBuildPhase;
			buildActionMask = 2147483647;
			files = (
				178BE4FB2B1FA95800245BA5 /* LaunchScreen.storyboard in Resources */,
				178BE4F82B1FA95800245BA5 /* Assets.xcassets in Resources */,
				178BE4F62B1FA95600245BA5 /* Main.storyboard in Resources */,
				178BE5052B1FAA4900245BA5 /* Colorado_Buffaloes_logo.png in Resources */,
				178BE50B2B1FAAA900245BA5 /* Comfortaa-VariableFont_wght.ttf in Resources */,
				178BE5062B1FAA4900245BA5 /* cu-standalone.webp in Resources */,
				178BE50D2B1FAAA900245BA5 /* Comfortaa-Bold.ttf in Resources */,
			);
			runOnlyForDeploymentPostprocessing = 0;
		};
/* End PBXResourcesBuildPhase section */

/* Begin PBXSourcesBuildPhase section */
		178BE4E72B1FA95600245BA5 /* Sources */ = {
			isa = PBXSourcesBuildPhase;
			buildActionMask = 2147483647;
			files = (
				178BE4F32B1FA95600245BA5 /* LoginViewController.swift in Sources */,
				178BE51B2B1FADFC00245BA5 /* MeetupType.swift in Sources */,
				178BE51E2B1FAE0E00245BA5 /* StudySessionManager.swift in Sources */,
				178BE5152B1FADCC00245BA5 /* StudySession.swift in Sources */,
				178BE50F2B1FAACB00245BA5 /* FontSizeManager.swift in Sources */,
				178BE5172B1FADD600245BA5 /* Organizer.swift in Sources */,
				178BE4EF2B1FA95600245BA5 /* AppDelegate.swift in Sources */,
				178BE50C2B1FAAA900245BA5 /* Comfortaa.swift in Sources */,
				178BE5192B1FADEB00245BA5 /* Attendee.swift in Sources */,
				178BE4F12B1FA95600245BA5 /* SceneDelegate.swift in Sources */,
				178BE5122B1FABCA00245BA5 /* HomeViewController.swift in Sources */,
			);
			runOnlyForDeploymentPostprocessing = 0;
		};
/* End PBXSourcesBuildPhase section */

/* Begin PBXVariantGroup section */
		178BE4F42B1FA95600245BA5 /* Main.storyboard */ = {
			isa = PBXVariantGroup;
			children = (
				178BE4F52B1FA95600245BA5 /* Base */,
			);
			name = Main.storyboard;
			sourceTree = "<group>";
		};
		178BE4F92B1FA95800245BA5 /* LaunchScreen.storyboard */ = {
			isa = PBXVariantGroup;
			children = (
				178BE4FA2B1FA95800245BA5 /* Base */,
			);
			name = LaunchScreen.storyboard;
			sourceTree = "<group>";
		};
/* End PBXVariantGroup section */

/* Begin XCBuildConfiguration section */
		178BE4FD2B1FA95800245BA5 /* Debug */ = {
			isa = XCBuildConfiguration;
			buildSettings = {
				ALWAYS_SEARCH_USER_PATHS = NO;
				ASSETCATALOG_COMPILER_GENERATE_SWIFT_ASSET_SYMBOL_EXTENSIONS = YES;
				CLANG_ANALYZER_NONNULL = YES;
				CLANG_ANALYZER_NUMBER_OBJECT_CONVERSION = YES_AGGRESSIVE;
				CLANG_CXX_LANGUAGE_STANDARD = "gnu++20";
				CLANG_ENABLE_MODULES = YES;
				CLANG_ENABLE_OBJC_ARC = YES;
				CLANG_ENABLE_OBJC_WEAK = YES;
				CLANG_WARN_BLOCK_CAPTURE_AUTORELEASING = YES;
				CLANG_WARN_BOOL_CONVERSION = YES;
				CLANG_WARN_COMMA = YES;
				CLANG_WARN_CONSTANT_CONVERSION = YES;
				CLANG_WARN_DEPRECATED_OBJC_IMPLEMENTATIONS = YES;
				CLANG_WARN_DIRECT_OBJC_ISA_USAGE = YES_ERROR;
				CLANG_WARN_DOCUMENTATION_COMMENTS = YES;
				CLANG_WARN_EMPTY_BODY = YES;
				CLANG_WARN_ENUM_CONVERSION = YES;
				CLANG_WARN_INFINITE_RECURSION = YES;
				CLANG_WARN_INT_CONVERSION = YES;
				CLANG_WARN_NON_LITERAL_NULL_CONVERSION = YES;
				CLANG_WARN_OBJC_IMPLICIT_RETAIN_SELF = YES;
				CLANG_WARN_OBJC_LITERAL_CONVERSION = YES;
				CLANG_WARN_OBJC_ROOT_CLASS = YES_ERROR;
				CLANG_WARN_QUOTED_INCLUDE_IN_FRAMEWORK_HEADER = YES;
				CLANG_WARN_RANGE_LOOP_ANALYSIS = YES;
				CLANG_WARN_STRICT_PROTOTYPES = YES;
				CLANG_WARN_SUSPICIOUS_MOVE = YES;
				CLANG_WARN_UNGUARDED_AVAILABILITY = YES_AGGRESSIVE;
				CLANG_WARN_UNREACHABLE_CODE = YES;
				CLANG_WARN__DUPLICATE_METHOD_MATCH = YES;
				COPY_PHASE_STRIP = NO;
				DEBUG_INFORMATION_FORMAT = dwarf;
				ENABLE_STRICT_OBJC_MSGSEND = YES;
				ENABLE_TESTABILITY = YES;
				ENABLE_USER_SCRIPT_SANDBOXING = YES;
				GCC_C_LANGUAGE_STANDARD = gnu17;
				GCC_DYNAMIC_NO_PIC = NO;
				GCC_NO_COMMON_BLOCKS = YES;
				GCC_OPTIMIZATION_LEVEL = 0;
				GCC_PREPROCESSOR_DEFINITIONS = (
					"DEBUG=1",
					"$(inherited)",
				);
				GCC_WARN_64_TO_32_BIT_CONVERSION = YES;
				GCC_WARN_ABOUT_RETURN_TYPE = YES_ERROR;
				GCC_WARN_UNDECLARED_SELECTOR = YES;
				GCC_WARN_UNINITIALIZED_AUTOS = YES_AGGRESSIVE;
				GCC_WARN_UNUSED_FUNCTION = YES;
				GCC_WARN_UNUSED_VARIABLE = YES;
				IPHONEOS_DEPLOYMENT_TARGET = 17.0;
				LOCALIZATION_PREFERS_STRING_CATALOGS = YES;
				MTL_ENABLE_DEBUG_INFO = INCLUDE_SOURCE;
				MTL_FAST_MATH = YES;
				ONLY_ACTIVE_ARCH = YES;
				SDKROOT = iphoneos;
				SWIFT_ACTIVE_COMPILATION_CONDITIONS = "DEBUG $(inherited)";
				SWIFT_OPTIMIZATION_LEVEL = "-Onone";
			};
			name = Debug;
		};
		178BE4FE2B1FA95800245BA5 /* Release */ = {
			isa = XCBuildConfiguration;
			buildSettings = {
				ALWAYS_SEARCH_USER_PATHS = NO;
				ASSETCATALOG_COMPILER_GENERATE_SWIFT_ASSET_SYMBOL_EXTENSIONS = YES;
				CLANG_ANALYZER_NONNULL = YES;
				CLANG_ANALYZER_NUMBER_OBJECT_CONVERSION = YES_AGGRESSIVE;
				CLANG_CXX_LANGUAGE_STANDARD = "gnu++20";
				CLANG_ENABLE_MODULES = YES;
				CLANG_ENABLE_OBJC_ARC = YES;
				CLANG_ENABLE_OBJC_WEAK = YES;
				CLANG_WARN_BLOCK_CAPTURE_AUTORELEASING = YES;
				CLANG_WARN_BOOL_CONVERSION = YES;
				CLANG_WARN_COMMA = YES;
				CLANG_WARN_CONSTANT_CONVERSION = YES;
				CLANG_WARN_DEPRECATED_OBJC_IMPLEMENTATIONS = YES;
				CLANG_WARN_DIRECT_OBJC_ISA_USAGE = YES_ERROR;
				CLANG_WARN_DOCUMENTATION_COMMENTS = YES;
				CLANG_WARN_EMPTY_BODY = YES;
				CLANG_WARN_ENUM_CONVERSION = YES;
				CLANG_WARN_INFINITE_RECURSION = YES;
				CLANG_WARN_INT_CONVERSION = YES;
				CLANG_WARN_NON_LITERAL_NULL_CONVERSION = YES;
				CLANG_WARN_OBJC_IMPLICIT_RETAIN_SELF = YES;
				CLANG_WARN_OBJC_LITERAL_CONVERSION = YES;
				CLANG_WARN_OBJC_ROOT_CLASS = YES_ERROR;
				CLANG_WARN_QUOTED_INCLUDE_IN_FRAMEWORK_HEADER = YES;
				CLANG_WARN_RANGE_LOOP_ANALYSIS = YES;
				CLANG_WARN_STRICT_PROTOTYPES = YES;
				CLANG_WARN_SUSPICIOUS_MOVE = YES;
				CLANG_WARN_UNGUARDED_AVAILABILITY = YES_AGGRESSIVE;
				CLANG_WARN_UNREACHABLE_CODE = YES;
				CLANG_WARN__DUPLICATE_METHOD_MATCH = YES;
				COPY_PHASE_STRIP = NO;
				DEBUG_INFORMATION_FORMAT = "dwarf-with-dsym";
				ENABLE_NS_ASSERTIONS = NO;
				ENABLE_STRICT_OBJC_MSGSEND = YES;
				ENABLE_USER_SCRIPT_SANDBOXING = YES;
				GCC_C_LANGUAGE_STANDARD = gnu17;
				GCC_NO_COMMON_BLOCKS = YES;
				GCC_WARN_64_TO_32_BIT_CONVERSION = YES;
				GCC_WARN_ABOUT_RETURN_TYPE = YES_ERROR;
				GCC_WARN_UNDECLARED_SELECTOR = YES;
				GCC_WARN_UNINITIALIZED_AUTOS = YES_AGGRESSIVE;
				GCC_WARN_UNUSED_FUNCTION = YES;
				GCC_WARN_UNUSED_VARIABLE = YES;
				IPHONEOS_DEPLOYMENT_TARGET = 17.0;
				LOCALIZATION_PREFERS_STRING_CATALOGS = YES;
				MTL_ENABLE_DEBUG_INFO = NO;
				MTL_FAST_MATH = YES;
				SDKROOT = iphoneos;
				SWIFT_COMPILATION_MODE = wholemodule;
				VALIDATE_PRODUCT = YES;
			};
			name = Release;
		};
		178BE5002B1FA95800245BA5 /* Debug */ = {
			isa = XCBuildConfiguration;
			buildSettings = {
				ASSETCATALOG_COMPILER_APPICON_NAME = AppIcon;
				ASSETCATALOG_COMPILER_GLOBAL_ACCENT_COLOR_NAME = AccentColor;
				CODE_SIGN_STYLE = Automatic;
				CURRENT_PROJECT_VERSION = 1;
				DEVELOPMENT_TEAM = 4SSQ3NUFVX;
				GENERATE_INFOPLIST_FILE = YES;
				INFOPLIST_FILE = "CU Study Buddies/Info.plist";
				INFOPLIST_KEY_UIApplicationSupportsIndirectInputEvents = YES;
				INFOPLIST_KEY_UILaunchStoryboardName = LaunchScreen;
				INFOPLIST_KEY_UIMainStoryboardFile = Main;
				INFOPLIST_KEY_UISupportedInterfaceOrientations_iPad = "UIInterfaceOrientationPortrait UIInterfaceOrientationPortraitUpsideDown UIInterfaceOrientationLandscapeLeft UIInterfaceOrientationLandscapeRight";
				INFOPLIST_KEY_UISupportedInterfaceOrientations_iPhone = "UIInterfaceOrientationPortrait UIInterfaceOrientationLandscapeLeft UIInterfaceOrientationLandscapeRight";
				LD_RUNPATH_SEARCH_PATHS = (
					"$(inherited)",
					"@executable_path/Frameworks",
				);
				MARKETING_VERSION = 1.0;
				PRODUCT_BUNDLE_IDENTIFIER = "com.caliwood.CU-Study-Buddies";
				PRODUCT_NAME = "$(TARGET_NAME)";
				SWIFT_EMIT_LOC_STRINGS = YES;
				SWIFT_VERSION = 5.0;
				TARGETED_DEVICE_FAMILY = "1,2";
			};
			name = Debug;
		};
		178BE5012B1FA95800245BA5 /* Release */ = {
			isa = XCBuildConfiguration;
			buildSettings = {
				ASSETCATALOG_COMPILER_APPICON_NAME = AppIcon;
				ASSETCATALOG_COMPILER_GLOBAL_ACCENT_COLOR_NAME = AccentColor;
				CODE_SIGN_STYLE = Automatic;
				CURRENT_PROJECT_VERSION = 1;
				DEVELOPMENT_TEAM = 4SSQ3NUFVX;
				GENERATE_INFOPLIST_FILE = YES;
				INFOPLIST_FILE = "CU Study Buddies/Info.plist";
				INFOPLIST_KEY_UIApplicationSupportsIndirectInputEvents = YES;
				INFOPLIST_KEY_UILaunchStoryboardName = LaunchScreen;
				INFOPLIST_KEY_UIMainStoryboardFile = Main;
				INFOPLIST_KEY_UISupportedInterfaceOrientations_iPad = "UIInterfaceOrientationPortrait UIInterfaceOrientationPortraitUpsideDown UIInterfaceOrientationLandscapeLeft UIInterfaceOrientationLandscapeRight";
				INFOPLIST_KEY_UISupportedInterfaceOrientations_iPhone = "UIInterfaceOrientationPortrait UIInterfaceOrientationLandscapeLeft UIInterfaceOrientationLandscapeRight";
				LD_RUNPATH_SEARCH_PATHS = (
					"$(inherited)",
					"@executable_path/Frameworks",
				);
				MARKETING_VERSION = 1.0;
				PRODUCT_BUNDLE_IDENTIFIER = "com.caliwood.CU-Study-Buddies";
				PRODUCT_NAME = "$(TARGET_NAME)";
				SWIFT_EMIT_LOC_STRINGS = YES;
				SWIFT_VERSION = 5.0;
				TARGETED_DEVICE_FAMILY = "1,2";
			};
			name = Release;
		};
/* End XCBuildConfiguration section */

/* Begin XCConfigurationList section */
		178BE4E62B1FA95600245BA5 /* Build configuration list for PBXProject "CU Study Buddies" */ = {
			isa = XCConfigurationList;
			buildConfigurations = (
				178BE4FD2B1FA95800245BA5 /* Debug */,
				178BE4FE2B1FA95800245BA5 /* Release */,
			);
			defaultConfigurationIsVisible = 0;
			defaultConfigurationName = Release;
		};
		178BE4FF2B1FA95800245BA5 /* Build configuration list for PBXNativeTarget "CU Study Buddies" */ = {
			isa = XCConfigurationList;
			buildConfigurations = (
				178BE5002B1FA95800245BA5 /* Debug */,
				178BE5012B1FA95800245BA5 /* Release */,
			);
			defaultConfigurationIsVisible = 0;
			defaultConfigurationName = Release;
		};
/* End XCConfigurationList section */
	};
	rootObject = 178BE4E32B1FA95600245BA5 /* Project object */;
}
